// !$*UTF8*$!
{
	archiveVersion = 1;
	classes = {
	};
	objectVersion = 56;
	objects = {

/* Begin PBXBuildFile section */
		40AA0CFF2AEACAA70002C586 /* libgodot.h in Headers */ = {isa = PBXBuildFile; fileRef = 40AA0CFE2AEACAA70002C586 /* libgodot.h */; settings = {ATTRIBUTES = (Public, ); }; };
		40AA0D0B2AEAD4550002C586 /* AVFAudio.framework in Frameworks */ = {isa = PBXBuildFile; fileRef = 40AA0D0A2AEAD4540002C586 /* AVFAudio.framework */; };
		40AA0D0D2AEAD4610002C586 /* AudioToolbox.framework in Frameworks */ = {isa = PBXBuildFile; fileRef = 40AA0D0C2AEAD4610002C586 /* AudioToolbox.framework */; };
		40AA0D112AEAD4720002C586 /* CFNetwork.framework in Frameworks */ = {isa = PBXBuildFile; fileRef = 40AA0D102AEAD4720002C586 /* CFNetwork.framework */; };
		40AA0D132AEAD47B0002C586 /* CoreAudio.framework in Frameworks */ = {isa = PBXBuildFile; fileRef = 40AA0D122AEAD47B0002C586 /* CoreAudio.framework */; };
		40AA0D172AEAD4BC0002C586 /* CoreFoundation.framework in Frameworks */ = {isa = PBXBuildFile; fileRef = 40AA0D162AEAD4BB0002C586 /* CoreFoundation.framework */; };
		40AA0D192AEAD4C80002C586 /* CoreGraphics.framework in Frameworks */ = {isa = PBXBuildFile; fileRef = 40AA0D182AEAD4C80002C586 /* CoreGraphics.framework */; };
		40AA0D1B2AEAD4D30002C586 /* CoreHaptics.framework in Frameworks */ = {isa = PBXBuildFile; fileRef = 40AA0D1A2AEAD4D30002C586 /* CoreHaptics.framework */; };
		40AA0D1D2AEAD4E00002C586 /* CoreImage.framework in Frameworks */ = {isa = PBXBuildFile; fileRef = 40AA0D1C2AEAD4E00002C586 /* CoreImage.framework */; };
		40AA0D1F2AEAD4E70002C586 /* CoreMIDI.framework in Frameworks */ = {isa = PBXBuildFile; fileRef = 40AA0D1E2AEAD4E60002C586 /* CoreMIDI.framework */; };
		40AA0D212AEAD4F00002C586 /* CoreMedia.framework in Frameworks */ = {isa = PBXBuildFile; fileRef = 40AA0D202AEAD4F00002C586 /* CoreMedia.framework */; };
		40AA0D232AEAD4F60002C586 /* CoreText.framework in Frameworks */ = {isa = PBXBuildFile; fileRef = 40AA0D222AEAD4F60002C586 /* CoreText.framework */; };
		40AA0D252AEAD4FD0002C586 /* CoreVideo.framework in Frameworks */ = {isa = PBXBuildFile; fileRef = 40AA0D242AEAD4FD0002C586 /* CoreVideo.framework */; };
		40AA0D272AEAD5030002C586 /* FileProvider.framework in Frameworks */ = {isa = PBXBuildFile; fileRef = 40AA0D262AEAD5030002C586 /* FileProvider.framework */; };
		40AA0D292AEAD50C0002C586 /* Foundation.framework in Frameworks */ = {isa = PBXBuildFile; fileRef = 40AA0D282AEAD50C0002C586 /* Foundation.framework */; };
		40AA0D2B2AEAD5130002C586 /* GameController.framework in Frameworks */ = {isa = PBXBuildFile; fileRef = 40AA0D2A2AEAD5130002C586 /* GameController.framework */; };
		40AA0D2D2AEAD51A0002C586 /* IOSurface.framework in Frameworks */ = {isa = PBXBuildFile; fileRef = 40AA0D2C2AEAD51A0002C586 /* IOSurface.framework */; };
		40AA0D2F2AEAD5210002C586 /* ImageIO.framework in Frameworks */ = {isa = PBXBuildFile; fileRef = 40AA0D2E2AEAD5210002C586 /* ImageIO.framework */; };
		40AA0D312AEAD52A0002C586 /* Metal.framework in Frameworks */ = {isa = PBXBuildFile; fileRef = 40AA0D302AEAD52A0002C586 /* Metal.framework */; };
		40AA0D332AEAD54E0002C586 /* OpenGLES.framework in Frameworks */ = {isa = PBXBuildFile; fileRef = 40AA0D322AEAD54E0002C586 /* OpenGLES.framework */; };
		40AA0D352AEAD5590002C586 /* QuartzCore.framework in Frameworks */ = {isa = PBXBuildFile; fileRef = 40AA0D342AEAD5590002C586 /* QuartzCore.framework */; };
		40AA0D372AEAD5800002C586 /* Security.framework in Frameworks */ = {isa = PBXBuildFile; fileRef = 40AA0D362AEAD5800002C586 /* Security.framework */; };
		40AA0D3B2AEAD5940002C586 /* UIKit.framework in Frameworks */ = {isa = PBXBuildFile; fileRef = 40AA0D3A2AEAD5930002C586 /* UIKit.framework */; };
		40AA0D3D2AEAD59E0002C586 /* UserNotifications.framework in Frameworks */ = {isa = PBXBuildFile; fileRef = 40AA0D3C2AEAD59E0002C586 /* UserNotifications.framework */; };
		40AA0D4B2AEB18B40002C586 /* gdextension_interface.h in Headers */ = {isa = PBXBuildFile; fileRef = 40AA0D492AEB18B40002C586 /* gdextension_interface.h */; settings = {ATTRIBUTES = (Public, ); }; };
/* End PBXBuildFile section */

/* Begin PBXFileReference section */
		407544552D3E1FCA00F40922 /* MetalFX.framework */ = {isa = PBXFileReference; lastKnownFileType = wrapper.framework; name = MetalFX.framework; path = System/Library/Frameworks/MetalFX.framework; sourceTree = SDKROOT; };
		40AA0CFB2AEACAA70002C586 /* libgodot.framework */ = {isa = PBXFileReference; explicitFileType = wrapper.framework; includeInIndex = 0; path = libgodot.framework; sourceTree = BUILT_PRODUCTS_DIR; };
		40AA0CFE2AEACAA70002C586 /* libgodot.h */ = {isa = PBXFileReference; lastKnownFileType = sourcecode.c.h; path = libgodot.h; sourceTree = "<group>"; };
		40AA0D062AEACB3F0002C586 /* libgodot.a */ = {isa = PBXFileReference; lastKnownFileType = archive.ar; name = libgodot.a; path = libgodot/libgodot.a; sourceTree = "<group>"; };
		40AA0D0A2AEAD4540002C586 /* AVFAudio.framework */ = {isa = PBXFileReference; lastKnownFileType = wrapper.framework; name = AVFAudio.framework; path = System/Library/Frameworks/AVFAudio.framework; sourceTree = SDKROOT; };
		40AA0D0C2AEAD4610002C586 /* AudioToolbox.framework */ = {isa = PBXFileReference; lastKnownFileType = wrapper.framework; name = AudioToolbox.framework; path = System/Library/Frameworks/AudioToolbox.framework; sourceTree = SDKROOT; };
		40AA0D0E2AEAD46B0002C586 /* AudioUnit.framework */ = {isa = PBXFileReference; lastKnownFileType = wrapper.framework; name = AudioUnit.framework; path = System/Library/Frameworks/AudioUnit.framework; sourceTree = SDKROOT; };
		40AA0D102AEAD4720002C586 /* CFNetwork.framework */ = {isa = PBXFileReference; lastKnownFileType = wrapper.framework; name = CFNetwork.framework; path = System/Library/Frameworks/CFNetwork.framework; sourceTree = SDKROOT; };
		40AA0D122AEAD47B0002C586 /* CoreAudio.framework */ = {isa = PBXFileReference; lastKnownFileType = wrapper.framework; name = CoreAudio.framework; path = System/Library/Frameworks/CoreAudio.framework; sourceTree = SDKROOT; };
		40AA0D142AEAD4830002C586 /* CoreAudioTypes.framework */ = {isa = PBXFileReference; lastKnownFileType = wrapper.framework; name = CoreAudioTypes.framework; path = System/Library/Frameworks/CoreAudioTypes.framework; sourceTree = SDKROOT; };
		40AA0D162AEAD4BB0002C586 /* CoreFoundation.framework */ = {isa = PBXFileReference; lastKnownFileType = wrapper.framework; name = CoreFoundation.framework; path = System/Library/Frameworks/CoreFoundation.framework; sourceTree = SDKROOT; };
		40AA0D182AEAD4C80002C586 /* CoreGraphics.framework */ = {isa = PBXFileReference; lastKnownFileType = wrapper.framework; name = CoreGraphics.framework; path = System/Library/Frameworks/CoreGraphics.framework; sourceTree = SDKROOT; };
		40AA0D1A2AEAD4D30002C586 /* CoreHaptics.framework */ = {isa = PBXFileReference; lastKnownFileType = wrapper.framework; name = CoreHaptics.framework; path = System/Library/Frameworks/CoreHaptics.framework; sourceTree = SDKROOT; };
		40AA0D1C2AEAD4E00002C586 /* CoreImage.framework */ = {isa = PBXFileReference; lastKnownFileType = wrapper.framework; name = CoreImage.framework; path = System/Library/Frameworks/CoreImage.framework; sourceTree = SDKROOT; };
		40AA0D1E2AEAD4E60002C586 /* CoreMIDI.framework */ = {isa = PBXFileReference; lastKnownFileType = wrapper.framework; name = CoreMIDI.framework; path = System/Library/Frameworks/CoreMIDI.framework; sourceTree = SDKROOT; };
		40AA0D202AEAD4F00002C586 /* CoreMedia.framework */ = {isa = PBXFileReference; lastKnownFileType = wrapper.framework; name = CoreMedia.framework; path = System/Library/Frameworks/CoreMedia.framework; sourceTree = SDKROOT; };
		40AA0D222AEAD4F60002C586 /* CoreText.framework */ = {isa = PBXFileReference; lastKnownFileType = wrapper.framework; name = CoreText.framework; path = System/Library/Frameworks/CoreText.framework; sourceTree = SDKROOT; };
		40AA0D242AEAD4FD0002C586 /* CoreVideo.framework */ = {isa = PBXFileReference; lastKnownFileType = wrapper.framework; name = CoreVideo.framework; path = System/Library/Frameworks/CoreVideo.framework; sourceTree = SDKROOT; };
		40AA0D262AEAD5030002C586 /* FileProvider.framework */ = {isa = PBXFileReference; lastKnownFileType = wrapper.framework; name = FileProvider.framework; path = System/Library/Frameworks/FileProvider.framework; sourceTree = SDKROOT; };
		40AA0D282AEAD50C0002C586 /* Foundation.framework */ = {isa = PBXFileReference; lastKnownFileType = wrapper.framework; name = Foundation.framework; path = System/Library/Frameworks/Foundation.framework; sourceTree = SDKROOT; };
		40AA0D2A2AEAD5130002C586 /* GameController.framework */ = {isa = PBXFileReference; lastKnownFileType = wrapper.framework; name = GameController.framework; path = System/Library/Frameworks/GameController.framework; sourceTree = SDKROOT; };
		40AA0D2C2AEAD51A0002C586 /* IOSurface.framework */ = {isa = PBXFileReference; lastKnownFileType = wrapper.framework; name = IOSurface.framework; path = System/Library/Frameworks/IOSurface.framework; sourceTree = SDKROOT; };
		40AA0D2E2AEAD5210002C586 /* ImageIO.framework */ = {isa = PBXFileReference; lastKnownFileType = wrapper.framework; name = ImageIO.framework; path = System/Library/Frameworks/ImageIO.framework; sourceTree = SDKROOT; };
		40AA0D302AEAD52A0002C586 /* Metal.framework */ = {isa = PBXFileReference; lastKnownFileType = wrapper.framework; name = Metal.framework; path = System/Library/Frameworks/Metal.framework; sourceTree = SDKROOT; };
		40AA0D322AEAD54E0002C586 /* OpenGLES.framework */ = {isa = PBXFileReference; lastKnownFileType = wrapper.framework; name = OpenGLES.framework; path = System/Library/Frameworks/OpenGLES.framework; sourceTree = SDKROOT; };
		40AA0D342AEAD5590002C586 /* QuartzCore.framework */ = {isa = PBXFileReference; lastKnownFileType = wrapper.framework; name = QuartzCore.framework; path = System/Library/Frameworks/QuartzCore.framework; sourceTree = SDKROOT; };
		40AA0D362AEAD5800002C586 /* Security.framework */ = {isa = PBXFileReference; lastKnownFileType = wrapper.framework; name = Security.framework; path = System/Library/Frameworks/Security.framework; sourceTree = SDKROOT; };
		40AA0D382AEAD5890002C586 /* Symbols.framework */ = {isa = PBXFileReference; lastKnownFileType = wrapper.framework; name = Symbols.framework; path = System/Library/Frameworks/Symbols.framework; sourceTree = SDKROOT; };
		40AA0D3A2AEAD5930002C586 /* UIKit.framework */ = {isa = PBXFileReference; lastKnownFileType = wrapper.framework; name = UIKit.framework; path = System/Library/Frameworks/UIKit.framework; sourceTree = SDKROOT; };
		40AA0D3C2AEAD59E0002C586 /* UserNotifications.framework */ = {isa = PBXFileReference; lastKnownFileType = wrapper.framework; name = UserNotifications.framework; path = System/Library/Frameworks/UserNotifications.framework; sourceTree = SDKROOT; };
		40AA0D3E2AEAFA590002C586 /* AudioUnit.framework */ = {isa = PBXFileReference; lastKnownFileType = wrapper.framework; name = AudioUnit.framework; path = System/Library/Frameworks/AudioUnit.framework; sourceTree = SDKROOT; };
		40AA0D402AEAFD5C0002C586 /* MoltenVK.xcframework */ = {isa = PBXFileReference; lastKnownFileType = wrapper.xcframework; name = MoltenVK.xcframework; path = ../MoltenVK.xcframework; sourceTree = "<group>"; };
		40AA0D492AEB18B40002C586 /* gdextension_interface.h */ = {isa = PBXFileReference; fileEncoding = 4; lastKnownFileType = sourcecode.c.h; path = gdextension_interface.h; sourceTree = "<group>"; };
/* End PBXFileReference section */

/* Begin PBXFrameworksBuildPhase section */
		40AA0CF82AEACAA70002C586 /* Frameworks */ = {
			isa = PBXFrameworksBuildPhase;
			buildActionMask = 2147483647;
			files = (
				40AA0D212AEAD4F00002C586 /* CoreMedia.framework in Frameworks */,
				40AA0D0B2AEAD4550002C586 /* AVFAudio.framework in Frameworks */,
				40AA0D312AEAD52A0002C586 /* Metal.framework in Frameworks */,
				40AA0D1B2AEAD4D30002C586 /* CoreHaptics.framework in Frameworks */,
				40AA0D3B2AEAD5940002C586 /* UIKit.framework in Frameworks */,
				40AA0D0D2AEAD4610002C586 /* AudioToolbox.framework in Frameworks */,
				40AA0D112AEAD4720002C586 /* CFNetwork.framework in Frameworks */,
				40AA0D1F2AEAD4E70002C586 /* CoreMIDI.framework in Frameworks */,
				40AA0D2D2AEAD51A0002C586 /* IOSurface.framework in Frameworks */,
				40AA0D272AEAD5030002C586 /* FileProvider.framework in Frameworks */,
				40AA0D292AEAD50C0002C586 /* Foundation.framework in Frameworks */,
				40AA0D172AEAD4BC0002C586 /* CoreFoundation.framework in Frameworks */,
				40AA0D3D2AEAD59E0002C586 /* UserNotifications.framework in Frameworks */,
				40AA0D2B2AEAD5130002C586 /* GameController.framework in Frameworks */,
				40AA0D252AEAD4FD0002C586 /* CoreVideo.framework in Frameworks */,
				40AA0D192AEAD4C80002C586 /* CoreGraphics.framework in Frameworks */,
				40AA0D352AEAD5590002C586 /* QuartzCore.framework in Frameworks */,
				40AA0D332AEAD54E0002C586 /* OpenGLES.framework in Frameworks */,
				40AA0D132AEAD47B0002C586 /* CoreAudio.framework in Frameworks */,
				40AA0D1D2AEAD4E00002C586 /* CoreImage.framework in Frameworks */,
				40AA0D372AEAD5800002C586 /* Security.framework in Frameworks */,
				40AA0D232AEAD4F60002C586 /* CoreText.framework in Frameworks */,
				40AA0D2F2AEAD5210002C586 /* ImageIO.framework in Frameworks */,
			);
			runOnlyForDeploymentPostprocessing = 0;
		};
/* End PBXFrameworksBuildPhase section */

/* Begin PBXGroup section */
		40AA0CF12AEACAA70002C586 = {
			isa = PBXGroup;
			children = (
				40AA0CFD2AEACAA70002C586 /* libgodot */,
				40AA0CFC2AEACAA70002C586 /* Products */,
				40AA0D052AEACB3F0002C586 /* Frameworks */,
			);
			sourceTree = "<group>";
		};
		40AA0CFC2AEACAA70002C586 /* Products */ = {
			isa = PBXGroup;
			children = (
				40AA0CFB2AEACAA70002C586 /* libgodot.framework */,
			);
			name = Products;
			sourceTree = "<group>";
		};
		40AA0CFD2AEACAA70002C586 /* libgodot */ = {
			isa = PBXGroup;
			children = (
				40AA0D492AEB18B40002C586 /* gdextension_interface.h */,
				40AA0CFE2AEACAA70002C586 /* libgodot.h */,
			);
			path = libgodot;
			sourceTree = "<group>";
		};
		40AA0D052AEACB3F0002C586 /* Frameworks */ = {
			isa = PBXGroup;
			children = (
				407544552D3E1FCA00F40922 /* MetalFX.framework */,
				40AA0D402AEAFD5C0002C586 /* MoltenVK.xcframework */,
				40AA0D3E2AEAFA590002C586 /* AudioUnit.framework */,
				40AA0D3C2AEAD59E0002C586 /* UserNotifications.framework */,
				40AA0D3A2AEAD5930002C586 /* UIKit.framework */,
				40AA0D382AEAD5890002C586 /* Symbols.framework */,
				40AA0D362AEAD5800002C586 /* Security.framework */,
				40AA0D342AEAD5590002C586 /* QuartzCore.framework */,
				40AA0D322AEAD54E0002C586 /* OpenGLES.framework */,
				40AA0D302AEAD52A0002C586 /* Metal.framework */,
				40AA0D2E2AEAD5210002C586 /* ImageIO.framework */,
				40AA0D2C2AEAD51A0002C586 /* IOSurface.framework */,
				40AA0D2A2AEAD5130002C586 /* GameController.framework */,
				40AA0D282AEAD50C0002C586 /* Foundation.framework */,
				40AA0D262AEAD5030002C586 /* FileProvider.framework */,
				40AA0D242AEAD4FD0002C586 /* CoreVideo.framework */,
				40AA0D222AEAD4F60002C586 /* CoreText.framework */,
				40AA0D202AEAD4F00002C586 /* CoreMedia.framework */,
				40AA0D1E2AEAD4E60002C586 /* CoreMIDI.framework */,
				40AA0D1C2AEAD4E00002C586 /* CoreImage.framework */,
				40AA0D1A2AEAD4D30002C586 /* CoreHaptics.framework */,
				40AA0D182AEAD4C80002C586 /* CoreGraphics.framework */,
				40AA0D162AEAD4BB0002C586 /* CoreFoundation.framework */,
				40AA0D142AEAD4830002C586 /* CoreAudioTypes.framework */,
				40AA0D122AEAD47B0002C586 /* CoreAudio.framework */,
				40AA0D102AEAD4720002C586 /* CFNetwork.framework */,
				40AA0D0E2AEAD46B0002C586 /* AudioUnit.framework */,
				40AA0D0C2AEAD4610002C586 /* AudioToolbox.framework */,
				40AA0D0A2AEAD4540002C586 /* AVFAudio.framework */,
				40AA0D062AEACB3F0002C586 /* libgodot.a */,
			);
			name = Frameworks;
			sourceTree = "<group>";
		};
/* End PBXGroup section */

/* Begin PBXHeadersBuildPhase section */
		40AA0CF62AEACAA70002C586 /* Headers */ = {
			isa = PBXHeadersBuildPhase;
			buildActionMask = 2147483647;
			files = (
				40AA0CFF2AEACAA70002C586 /* libgodot.h in Headers */,
				40AA0D4B2AEB18B40002C586 /* gdextension_interface.h in Headers */,
			);
			runOnlyForDeploymentPostprocessing = 0;
		};
/* End PBXHeadersBuildPhase section */

/* Begin PBXNativeTarget section */
		40AA0CFA2AEACAA70002C586 /* libgodot */ = {
			isa = PBXNativeTarget;
			buildConfigurationList = 40AA0D022AEACAA70002C586 /* Build configuration list for PBXNativeTarget "libgodot" */;
			buildPhases = (
				40AA0CF62AEACAA70002C586 /* Headers */,
				40AA0CF72AEACAA70002C586 /* Sources */,
				40AA0CF82AEACAA70002C586 /* Frameworks */,
				40AA0CF92AEACAA70002C586 /* Resources */,
				405D2A5B2AF0539E007AF6AA /* ShellScript */,
			);
			buildRules = (
			);
			dependencies = (
			);
			name = libgodot;
			productName = libgodot;
			productReference = 40AA0CFB2AEACAA70002C586 /* libgodot.framework */;
			productType = "com.apple.product-type.framework";
		};
/* End PBXNativeTarget section */

/* Begin PBXProject section */
		40AA0CF22AEACAA70002C586 /* Project object */ = {
			isa = PBXProject;
			attributes = {
				BuildIndependentTargetsInParallel = 1;
				LastUpgradeCheck = 1500;
				TargetAttributes = {
					40AA0CFA2AEACAA70002C586 = {
						CreatedOnToolsVersion = 15.0.1;
					};
				};
			};
			buildConfigurationList = 40AA0CF52AEACAA70002C586 /* Build configuration list for PBXProject "libgodot" */;
			compatibilityVersion = "Xcode 14.0";
			developmentRegion = en;
			hasScannedForEncodings = 0;
			knownRegions = (
				en,
				Base,
			);
			mainGroup = 40AA0CF12AEACAA70002C586;
			productRefGroup = 40AA0CFC2AEACAA70002C586 /* Products */;
			projectDirPath = "";
			projectRoot = "";
			targets = (
				40AA0CFA2AEACAA70002C586 /* libgodot */,
			);
		};
/* End PBXProject section */

/* Begin PBXResourcesBuildPhase section */
		40AA0CF92AEACAA70002C586 /* Resources */ = {
			isa = PBXResourcesBuildPhase;
			buildActionMask = 2147483647;
			files = (
			);
			runOnlyForDeploymentPostprocessing = 0;
		};
/* End PBXResourcesBuildPhase section */

/* Begin PBXShellScriptBuildPhase section */
		405D2A5B2AF0539E007AF6AA /* ShellScript */ = {
			isa = PBXShellScriptBuildPhase;
			buildActionMask = 2147483647;
			files = (
			);
			inputFileListPaths = (
			);
			inputPaths = (
				"${DWARF_DSYM_FOLDER_PATH}/${DWARF_DSYM_FILE_NAME}/Contents/Resources/DWARF/${TARGET_NAME}",
			);
			outputFileListPaths = (
			);
			outputPaths = (
				"$(DERIVED_FILE_DIR)/$(TARGET_NAME)/FrameworkCopyPhaseDummyOutputFile",
			);
			runOnlyForDeploymentPostprocessing = 0;
			shellPath = /bin/sh;
			shellScript = "# Type a script or drag a script file from your workspace to insert its path.\n\nset -eux\n\nTARGET_DIR=${SRCROOT}/../build\n\nmkdir -p ${TARGET_DIR}\n\nrm -rf ${TARGET_DIR}/libgodot.framework*\n\ncp -a ${BUILT_PRODUCTS_DIR}/libgodot.framework ${TARGET_DIR}/\ncp -a ${BUILT_PRODUCTS_DIR}/libgodot.framework.dSYM  ${TARGET_DIR}/\n\ntouch ${DERIVED_FILE_DIR}/${TARGET_NAME}/FrameworkCopyPhaseDummyOutputFile\n";
		};
/* End PBXShellScriptBuildPhase section */

/* Begin PBXSourcesBuildPhase section */
		40AA0CF72AEACAA70002C586 /* Sources */ = {
			isa = PBXSourcesBuildPhase;
			buildActionMask = 2147483647;
			files = (
			);
			runOnlyForDeploymentPostprocessing = 0;
		};
/* End PBXSourcesBuildPhase section */

/* Begin XCBuildConfiguration section */
		40AA0D002AEACAA70002C586 /* Debug */ = {
			isa = XCBuildConfiguration;
			buildSettings = {
				ALWAYS_SEARCH_USER_PATHS = NO;
				ASSETCATALOG_COMPILER_GENERATE_SWIFT_ASSET_SYMBOL_EXTENSIONS = YES;
				CLANG_ANALYZER_NONNULL = YES;
				CLANG_ANALYZER_NUMBER_OBJECT_CONVERSION = YES_AGGRESSIVE;
				CLANG_CXX_LANGUAGE_STANDARD = "gnu++20";
				CLANG_ENABLE_MODULES = YES;
                SWIFT_VERSION = 5.0;
                ALWAYS_EMBED_SWIFT_STANDARD_LIBRARIES = YES;
				CLANG_ENABLE_OBJC_ARC = YES;
				CLANG_ENABLE_OBJC_WEAK = YES;
				CLANG_WARN_BLOCK_CAPTURE_AUTORELEASING = YES;
				CLANG_WARN_BOOL_CONVERSION = YES;
				CLANG_WARN_COMMA = YES;
				CLANG_WARN_CONSTANT_CONVERSION = YES;
				CLANG_WARN_DEPRECATED_OBJC_IMPLEMENTATIONS = YES;
				CLANG_WARN_DIRECT_OBJC_ISA_USAGE = YES_ERROR;
				CLANG_WARN_DOCUMENTATION_COMMENTS = YES;
				CLANG_WARN_EMPTY_BODY = YES;
				CLANG_WARN_ENUM_CONVERSION = YES;
				CLANG_WARN_INFINITE_RECURSION = YES;
				CLANG_WARN_INT_CONVERSION = YES;
				CLANG_WARN_NON_LITERAL_NULL_CONVERSION = YES;
				CLANG_WARN_OBJC_IMPLICIT_RETAIN_SELF = YES;
				CLANG_WARN_OBJC_LITERAL_CONVERSION = YES;
				CLANG_WARN_OBJC_ROOT_CLASS = YES_ERROR;
				CLANG_WARN_QUOTED_INCLUDE_IN_FRAMEWORK_HEADER = YES;
				CLANG_WARN_RANGE_LOOP_ANALYSIS = YES;
				CLANG_WARN_STRICT_PROTOTYPES = YES;
				CLANG_WARN_SUSPICIOUS_MOVE = YES;
				CLANG_WARN_UNGUARDED_AVAILABILITY = YES_AGGRESSIVE;
				CLANG_WARN_UNREACHABLE_CODE = YES;
				CLANG_WARN__DUPLICATE_METHOD_MATCH = YES;
				COPY_PHASE_STRIP = NO;
				CURRENT_PROJECT_VERSION = 1;
				DEBUG_INFORMATION_FORMAT = "dwarf-with-dsym";
				ENABLE_STRICT_OBJC_MSGSEND = YES;
				ENABLE_TESTABILITY = YES;
				ENABLE_USER_SCRIPT_SANDBOXING = NO;
				GCC_C_LANGUAGE_STANDARD = gnu17;
				GCC_DYNAMIC_NO_PIC = NO;
				GCC_NO_COMMON_BLOCKS = YES;
				GCC_OPTIMIZATION_LEVEL = 0;
				GCC_PREPROCESSOR_DEFINITIONS = (
					"DEBUG=1",
					"$(inherited)",
				);
				GCC_WARN_64_TO_32_BIT_CONVERSION = YES;
				GCC_WARN_ABOUT_RETURN_TYPE = YES_ERROR;
				GCC_WARN_UNDECLARED_SELECTOR = YES;
				GCC_WARN_UNINITIALIZED_AUTOS = YES_AGGRESSIVE;
				GCC_WARN_UNUSED_FUNCTION = YES;
				GCC_WARN_UNUSED_VARIABLE = YES;
				IPHONEOS_DEPLOYMENT_TARGET = 15.0;
				LOCALIZATION_PREFERS_STRING_CATALOGS = YES;
				MTL_ENABLE_DEBUG_INFO = INCLUDE_SOURCE;
				MTL_FAST_MATH = YES;
				ONLY_ACTIVE_ARCH = YES;
				SDKROOT = iphoneos;
				STRIP_INSTALLED_PRODUCT = NO;
				VERSIONING_SYSTEM = "apple-generic";
				VERSION_INFO_PREFIX = "";
			};
			name = Debug;
		};
		40AA0D012AEACAA70002C586 /* Release */ = {
			isa = XCBuildConfiguration;
			buildSettings = {
				ALWAYS_SEARCH_USER_PATHS = NO;
				ASSETCATALOG_COMPILER_GENERATE_SWIFT_ASSET_SYMBOL_EXTENSIONS = YES;
				CLANG_ANALYZER_NONNULL = YES;
				CLANG_ANALYZER_NUMBER_OBJECT_CONVERSION = YES_AGGRESSIVE;
				CLANG_CXX_LANGUAGE_STANDARD = "gnu++20";
				CLANG_ENABLE_MODULES = YES;
                SWIFT_VERSION = 5.0;
                ALWAYS_EMBED_SWIFT_STANDARD_LIBRARIES = YES;
				CLANG_ENABLE_OBJC_ARC = YES;
				CLANG_ENABLE_OBJC_WEAK = YES;
				CLANG_WARN_BLOCK_CAPTURE_AUTORELEASING = YES;
				CLANG_WARN_BOOL_CONVERSION = YES;
				CLANG_WARN_COMMA = YES;
				CLANG_WARN_CONSTANT_CONVERSION = YES;
				CLANG_WARN_DEPRECATED_OBJC_IMPLEMENTATIONS = YES;
				CLANG_WARN_DIRECT_OBJC_ISA_USAGE = YES_ERROR;
				CLANG_WARN_DOCUMENTATION_COMMENTS = YES;
				CLANG_WARN_EMPTY_BODY = YES;
				CLANG_WARN_ENUM_CONVERSION = YES;
				CLANG_WARN_INFINITE_RECURSION = YES;
				CLANG_WARN_INT_CONVERSION = YES;
				CLANG_WARN_NON_LITERAL_NULL_CONVERSION = YES;
				CLANG_WARN_OBJC_IMPLICIT_RETAIN_SELF = YES;
				CLANG_WARN_OBJC_LITERAL_CONVERSION = YES;
				CLANG_WARN_OBJC_ROOT_CLASS = YES_ERROR;
				CLANG_WARN_QUOTED_INCLUDE_IN_FRAMEWORK_HEADER = YES;
				CLANG_WARN_RANGE_LOOP_ANALYSIS = YES;
				CLANG_WARN_STRICT_PROTOTYPES = YES;
				CLANG_WARN_SUSPICIOUS_MOVE = YES;
				CLANG_WARN_UNGUARDED_AVAILABILITY = YES_AGGRESSIVE;
				CLANG_WARN_UNREACHABLE_CODE = YES;
				CLANG_WARN__DUPLICATE_METHOD_MATCH = YES;
				COPY_PHASE_STRIP = NO;
				CURRENT_PROJECT_VERSION = 1;
				DEBUG_INFORMATION_FORMAT = "dwarf-with-dsym";
				ENABLE_NS_ASSERTIONS = NO;
				ENABLE_STRICT_OBJC_MSGSEND = YES;
				ENABLE_USER_SCRIPT_SANDBOXING = NO;
				GCC_C_LANGUAGE_STANDARD = gnu17;
				GCC_NO_COMMON_BLOCKS = YES;
				GCC_WARN_64_TO_32_BIT_CONVERSION = YES;
				GCC_WARN_ABOUT_RETURN_TYPE = YES_ERROR;
				GCC_WARN_UNDECLARED_SELECTOR = YES;
				GCC_WARN_UNINITIALIZED_AUTOS = YES_AGGRESSIVE;
				GCC_WARN_UNUSED_FUNCTION = YES;
				GCC_WARN_UNUSED_VARIABLE = YES;
				IPHONEOS_DEPLOYMENT_TARGET = 15.0;
				LOCALIZATION_PREFERS_STRING_CATALOGS = YES;
				MTL_ENABLE_DEBUG_INFO = NO;
				MTL_FAST_MATH = YES;
				SDKROOT = iphoneos;
				STRIP_INSTALLED_PRODUCT = NO;
				VALIDATE_PRODUCT = YES;
				VERSIONING_SYSTEM = "apple-generic";
				VERSION_INFO_PREFIX = "";
			};
			name = Release;
		};
		40AA0D032AEACAA70002C586 /* Debug */ = {
			isa = XCBuildConfiguration;
			buildSettings = {
				CLANG_ENABLE_OBJC_ARC_EXCEPTIONS = YES;
				CODE_SIGN_IDENTITY = "Apple Development";
				CODE_SIGN_STYLE = Automatic;
				CURRENT_PROJECT_VERSION = 1;
				DEFINES_MODULE = YES;
				DEVELOPMENT_TEAM = "";
				DYLIB_COMPATIBILITY_VERSION = 1;
				DYLIB_CURRENT_VERSION = 1;
				DYLIB_INSTALL_NAME_BASE = "@rpath";
				ENABLE_MODULE_VERIFIER = YES;
				GENERATE_INFOPLIST_FILE = YES;
				INFOPLIST_KEY_NSHumanReadableCopyright = "";
				INSTALL_PATH = "$(LOCAL_LIBRARY_DIR)/Frameworks";
				LD_RUNPATH_SEARCH_PATHS = (
					"$(inherited)",
					"@executable_path/Frameworks",
					"@loader_path/Frameworks",
				);
				LIBRARY_SEARCH_PATHS = (
					"$(inherited)",
					"$(PROJECT_DIR)/libgodot",
                    "$(TOOLCHAIN_DIR)/usr/lib/swift/$(PLATFORM_NAME)",
                    "$(SDKROOT)/usr/lib/swift",
				);
				MARKETING_VERSION = 1.0;
				MODULE_VERIFIER_SUPPORTED_LANGUAGES = "objective-c objective-c++";
				MODULE_VERIFIER_SUPPORTED_LANGUAGE_STANDARDS = "gnu17 gnu++20";
				OTHER_LDFLAGS = (
					"-force_load",
					"\"$(SRCROOT)/libgodot/libgodot.a\"",
					"-lc++",
				);
				"OTHER_LDFLAGS[sdk=iphoneos*]" = (
					"-force_load",
					"\"$(SRCROOT)/libgodot/libgodot.a\"",
					"-lc++",
					"-framework",
					MetalFX,
				);
				PRODUCT_BUNDLE_IDENTIFIER = org.godotengine.libgodot;
				PRODUCT_NAME = "$(TARGET_NAME:c99extidentifier)";
				SKIP_INSTALL = YES;
				STRIP_INSTALLED_PRODUCT = YES;
				SUPPORTED_PLATFORMS = "iphoneos iphonesimulator";
				SUPPORTS_MACCATALYST = NO;
				SUPPORTS_MAC_DESIGNED_FOR_IPHONE_IPAD = NO;
				SWIFT_EMIT_LOC_STRINGS = YES;
				TARGETED_DEVICE_FAMILY = "1,2";
			};
			name = Debug;
		};
		40AA0D042AEACAA70002C586 /* Release */ = {
			isa = XCBuildConfiguration;
			buildSettings = {
				CLANG_ENABLE_OBJC_ARC_EXCEPTIONS = YES;
				CODE_SIGN_IDENTITY = "Apple Development";
				CODE_SIGN_STYLE = Automatic;
				CURRENT_PROJECT_VERSION = 1;
				DEFINES_MODULE = YES;
				DEVELOPMENT_TEAM = "";
				DYLIB_COMPATIBILITY_VERSION = 1;
				DYLIB_CURRENT_VERSION = 1;
				DYLIB_INSTALL_NAME_BASE = "@rpath";
				ENABLE_MODULE_VERIFIER = YES;
				GENERATE_INFOPLIST_FILE = YES;
				INFOPLIST_KEY_NSHumanReadableCopyright = "";
				INSTALL_PATH = "$(LOCAL_LIBRARY_DIR)/Frameworks";
				LD_RUNPATH_SEARCH_PATHS = (
					"$(inherited)",
					"@executable_path/Frameworks",
					"@loader_path/Frameworks",
				);
				LIBRARY_SEARCH_PATHS = (
					"$(inherited)",
					"$(PROJECT_DIR)/libgodot",
                    "$(TOOLCHAIN_DIR)/usr/lib/swift/$(PLATFORM_NAME)",
                    "$(SDKROOT)/usr/lib/swift",
				);
				MARKETING_VERSION = 1.0;
				MODULE_VERIFIER_SUPPORTED_LANGUAGES = "objective-c objective-c++";
				MODULE_VERIFIER_SUPPORTED_LANGUAGE_STANDARDS = "gnu17 gnu++20";
				OTHER_LDFLAGS = (
					"-force_load",
					"\"$(SRCROOT)/libgodot/libgodot.a\"",
					"-lc++",
				);
				"OTHER_LDFLAGS[sdk=iphoneos*]" = (
					"-force_load",
					"\"$(SRCROOT)/libgodot/libgodot.a\"",
					"-lc++",
					"-framework",
					MetalFX,
				);
				PRODUCT_BUNDLE_IDENTIFIER = org.godotengine.libgodot;
				PRODUCT_NAME = "$(TARGET_NAME:c99extidentifier)";
				SKIP_INSTALL = YES;
				STRIP_INSTALLED_PRODUCT = YES;
				SUPPORTED_PLATFORMS = "iphoneos iphonesimulator";
				SUPPORTS_MACCATALYST = NO;
				SUPPORTS_MAC_DESIGNED_FOR_IPHONE_IPAD = NO;
				SWIFT_EMIT_LOC_STRINGS = YES;
				TARGETED_DEVICE_FAMILY = "1,2";
			};
			name = Release;
		};
/* End XCBuildConfiguration section */

/* Begin XCConfigurationList section */
		40AA0CF52AEACAA70002C586 /* Build configuration list for PBXProject "libgodot" */ = {
			isa = XCConfigurationList;
			buildConfigurations = (
				40AA0D002AEACAA70002C586 /* Debug */,
				40AA0D012AEACAA70002C586 /* Release */,
			);
			defaultConfigurationIsVisible = 0;
			defaultConfigurationName = Release;
		};
		40AA0D022AEACAA70002C586 /* Build configuration list for PBXNativeTarget "libgodot" */ = {
			isa = XCConfigurationList;
			buildConfigurations = (
				40AA0D032AEACAA70002C586 /* Debug */,
				40AA0D042AEACAA70002C586 /* Release */,
			);
			defaultConfigurationIsVisible = 0;
			defaultConfigurationName = Release;
		};
/* End XCConfigurationList section */
	};
	rootObject = 40AA0CF22AEACAA70002C586 /* Project object */;
}
